
Microsoft Visual Studio Solution File, Format Version 11.00
# Visual Studio 2010
Project("{8BC9CEB8-8B4A-11D0-8D11-00A0C91BC942}") = "Modelator", "Modelator\Modelator.vcxproj", "{D3654AD6-6509-47C7-9CB0-A7148ECB355D}"
EndProject
Project("{8BC9CEB8-8B4A-11D0-8D11-00A0C91BC942}") = "Przesuwacz", "Przesuwacz\Przesuwacz.vcxproj", "{3F58A28C-9AF3-4385-8942-E86161BB8C82}"
EndProject
Project("{8BC9CEB8-8B4A-11D0-8D11-00A0C91BC942}") = "Graniastoslup", "Graniastoslup\Graniastoslup.vcxproj", "{FE0D8B42-5DF2-4BC8-A725-431095DF43B9}"
EndProject
Project("{8BC9CEB8-8B4A-11D0-8D11-00A0C91BC942}") = "Okregowacz", "Okregowacz\Okregowacz.vcxproj", "{E3E4B8D3-F377-487A-9A46-B3B23F6C2CB4}"
EndProject
Project("{8BC9CEB8-8B4A-11D0-8D11-00A0C91BC942}") = "Czworokat", "Czworokat\Czworokat.vcxproj", "{0F4576DF-03AD-41E3-A11B-D5A7189B441E}"
EndProject
Project("{8BC9CEB8-8B4A-11D0-8D11-00A0C91BC942}") = "Hraniastoslup", "Hraniastoslup\Hraniastoslup.vcxproj", "{8F2D883F-0D65-483A-8870-DADA8C3CD75F}"
EndProject
Project("{8BC9CEB8-8B4A-11D0-8D11-00A0C91BC942}") = "FixerLajt", "FixerLajt\FixerLajt.vcxproj", "{C07EB3B5-D736-4AF6-A218-225C19CB2510}"
EndProject
Project("{8BC9CEB8-8B4A-11D0-8D11-00A0C91BC942}") = "Analizator", "Analizator\Analizator.vcxproj", "{879059C9-5D17-405F-824C-CCB8C3AC67AB}"
EndProject
Global
	GlobalSection(SolutionConfigurationPlatforms) = preSolution
		Debug|Win32 = Debug|Win32
		Release|Win32 = Release|Win32
	EndGlobalSection
	GlobalSection(ProjectConfigurationPlatforms) = postSolution
		{D3654AD6-6509-47C7-9CB0-A7148ECB355D}.Debug|Win32.ActiveCfg = Debug|Win32
		{D3654AD6-6509-47C7-9CB0-A7148ECB355D}.Debug|Win32.Build.0 = Debug|Win32
		{D3654AD6-6509-47C7-9CB0-A7148ECB355D}.Release|Win32.ActiveCfg = Release|Win32
		{D3654AD6-6509-47C7-9CB0-A7148ECB355D}.Release|Win32.Build.0 = Release|Win32
		{3F58A28C-9AF3-4385-8942-E86161BB8C82}.Debug|Win32.ActiveCfg = Debug|Win32
		{3F58A28C-9AF3-4385-8942-E86161BB8C82}.Debug|Win32.Build.0 = Debug|Win32
		{3F58A28C-9AF3-4385-8942-E86161BB8C82}.Release|Win32.ActiveCfg = Release|Win32
		{3F58A28C-9AF3-4385-8942-E86161BB8C82}.Release|Win32.Build.0 = Release|Win32
		{FE0D8B42-5DF2-4BC8-A725-431095DF43B9}.Debug|Win32.ActiveCfg = Debug|Win32
		{FE0D8B42-5DF2-4BC8-A725-431095DF43B9}.Debug|Win32.Build.0 = Debug|Win32
		{FE0D8B42-5DF2-4BC8-A725-431095DF43B9}.Release|Win32.ActiveCfg = Release|Win32
		{FE0D8B42-5DF2-4BC8-A725-431095DF43B9}.Release|Win32.Build.0 = Release|Win32
		{E3E4B8D3-F377-487A-9A46-B3B23F6C2CB4}.Debug|Win32.ActiveCfg = Debug|Win32
		{E3E4B8D3-F377-487A-9A46-B3B23F6C2CB4}.Debug|Win32.Build.0 = Debug|Win32
		{E3E4B8D3-F377-487A-9A46-B3B23F6C2CB4}.Release|Win32.ActiveCfg = Release|Win32
		{E3E4B8D3-F377-487A-9A46-B3B23F6C2CB4}.Release|Win32.Build.0 = Release|Win32
		{0F4576DF-03AD-41E3-A11B-D5A7189B441E}.Debug|Win32.ActiveCfg = Debug|Win32
		{0F4576DF-03AD-41E3-A11B-D5A7189B441E}.Debug|Win32.Build.0 = Debug|Win32
		{0F4576DF-03AD-41E3-A11B-D5A7189B441E}.Release|Win32.ActiveCfg = Release|Win32
		{0F4576DF-03AD-41E3-A11B-D5A7189B441E}.Release|Win32.Build.0 = Release|Win32
		{8F2D883F-0D65-483A-8870-DADA8C3CD75F}.Debug|Win32.ActiveCfg = Debug|Win32
		{8F2D883F-0D65-483A-8870-DADA8C3CD75F}.Debug|Win32.Build.0 = Debug|Win32
		{8F2D883F-0D65-483A-8870-DADA8C3CD75F}.Release|Win32.ActiveCfg = Release|Win32
		{8F2D883F-0D65-483A-8870-DADA8C3CD75F}.Release|Win32.Build.0 = Release|Win32
		{C07EB3B5-D736-4AF6-A218-225C19CB2510}.Debug|Win32.ActiveCfg = Debug|Win32
		{C07EB3B5-D736-4AF6-A218-225C19CB2510}.Debug|Win32.Build.0 = Debug|Win32
		{C07EB3B5-D736-4AF6-A218-225C19CB2510}.Release|Win32.ActiveCfg = Release|Win32
		{C07EB3B5-D736-4AF6-A218-225C19CB2510}.Release|Win32.Build.0 = Release|Win32
		{879059C9-5D17-405F-824C-CCB8C3AC67AB}.Debug|Win32.ActiveCfg = Debug|Win32
		{879059C9-5D17-405F-824C-CCB8C3AC67AB}.Debug|Win32.Build.0 = Debug|Win32
		{879059C9-5D17-405F-824C-CCB8C3AC67AB}.Release|Win32.ActiveCfg = Release|Win32
		{879059C9-5D17-405F-824C-CCB8C3AC67AB}.Release|Win32.Build.0 = Release|Win32
	EndGlobalSection
	GlobalSection(SolutionProperties) = preSolution
		HideSolutionNode = FALSE
	EndGlobalSection
EndGlobal
