<?xml version="1.0" encoding="utf-8"?>
<Project ToolsVersion="4.0" xmlns="http://schemas.microsoft.com/developer/msbuild/2003">
  <ItemGroup>
    <Filter Include="Source Files">
      <UniqueIdentifier>{4FC737F1-C7A5-4376-A066-2A32D752A2FF}</UniqueIdentifier>
      <Extensions>cpp;c;cc;cxx;def;odl;idl;hpj;bat;asm;asmx</Extensions>
    </Filter>
    <Filter Include="Header Files">
      <UniqueIdentifier>{93995380-89BD-4b04-88EB-625FBE52EBFB}</UniqueIdentifier>
      <Extensions>h;hpp;hxx;hm;inl;inc;xsd</Extensions>
    </Filter>
    <Filter Include="Resource Files">
      <UniqueIdentifier>{67DA6AB6-F800-4c08-8B7A-83BB121AAD01}</UniqueIdentifier>
      <Extensions>rc;ico;cur;bmp;dlg;rc2;rct;bin;rgs;gif;jpg;jpeg;jpe;resx;tiff;tif;png;wav;mfcribbon-ms</Extensions>
    </Filter>
    <Filter Include="Resource Files\actions">
      <UniqueIdentifier>{38c18551-ccee-43df-ba62-81103a2e49a8}</UniqueIdentifier>
    </Filter>
    <Filter Include="Resource Files\models">
      <UniqueIdentifier>{0f039dc7-582a-4efc-a13a-98b495dc0900}</UniqueIdentifier>
    </Filter>
    <Filter Include="Resource Files\models\architektura">
      <UniqueIdentifier>{5964fdad-1dc6-4ef3-8394-98076703d1d7}</UniqueIdentifier>
    </Filter>
    <Filter Include="Resource Files\models\baza">
      <UniqueIdentifier>{69c7a3fb-91a1-4870-bf2f-f0da6177c85b}</UniqueIdentifier>
    </Filter>
    <Filter Include="Resource Files\models\drzwi_okna">
      <UniqueIdentifier>{fc5d49a0-43c1-4e93-9573-f76c49f63f99}</UniqueIdentifier>
    </Filter>
    <Filter Include="Resource Files\models\tablice_informacyjne">
      <UniqueIdentifier>{2d0723f6-ca3c-48b4-a536-bc04099e4269}</UniqueIdentifier>
    </Filter>
    <Filter Include="Resource Files\models\sprzet">
      <UniqueIdentifier>{2ae32d07-d3ec-4891-89ec-468276cca5f6}</UniqueIdentifier>
    </Filter>
  </ItemGroup>
  <ItemGroup>
    <None Include="Data\actions\action_przesuwanie_drzwi.txt">
      <Filter>Resource Files\actions</Filter>
    </None>
    <None Include="Data\sector_schodyL.txt">
      <Filter>Resource Files</Filter>
    </None>
    <None Include="README.txt" />
    <None Include="Data\map_zewnatrz.txt">
      <Filter>Resource Files</Filter>
    </None>
    <None Include="Data\sector_budynek.txt">
      <Filter>Resource Files</Filter>
    </None>
    <None Include="Data\sector_filtry.txt">
      <Filter>Resource Files</Filter>
    </None>
    <None Include="Data\sector_glowna_parter.txt">
      <Filter>Resource Files</Filter>
    </None>
    <None Include="Data\sector_schodyL.txt">
      <Filter>Resource Files</Filter>
    </None>
    <None Include="Data\sector_schodyP.txt">
      <Filter>Resource Files</Filter>
    </None>
    <None Include="Data\sector_szatnia_biblioteki.txt">
      <Filter>Resource Files</Filter>
    </None>
    <None Include="Data\sector_szyby_parter.txt">
      <Filter>Resource Files</Filter>
    </None>
    <None Include="Data\srodek_sector.txt">
      <Filter>Resource Files</Filter>
    </None>
    <None Include="Data\models\szczyt.txt">
      <Filter>Resource Files\models</Filter>
    </None>
    <None Include="Data\models\wejscie.txt">
      <Filter>Resource Files\models</Filter>
    </None>
    <None Include="Data\models\architektura\glowna_parter_budowa.txt">
      <Filter>Resource Files\models\architektura</Filter>
    </None>
    <None Include="Data\models\architektura\murek1.txt">
      <Filter>Resource Files\models\architektura</Filter>
    </None>
    <None Include="Data\models\architektura\schodek.txt">
      <Filter>Resource Files\models\architektura</Filter>
    </None>
    <None Include="Data\models\architektura\schodek_szeroki.txt">
      <Filter>Resource Files\models\architektura</Filter>
    </None>
    <None Include="Data\models\architektura\schodki_wewnatrz.txt">
      <Filter>Resource Files\models\architektura</Filter>
    </None>
    <None Include="Data\models\architektura\szatnia_budowa.txt">
      <Filter>Resource Files\models\architektura</Filter>
    </None>
    <None Include="Data\models\architektura\budynek.txt">
      <Filter>Resource Files\models\architektura</Filter>
    </None>
    <None Include="Data\models\drzwi_okna\okna_zewnatrz.txt">
      <Filter>Resource Files\models\drzwi_okna</Filter>
    </None>
    <None Include="Data\models\drzwi_okna\paleta.txt">
      <Filter>Resource Files\models\drzwi_okna</Filter>
    </None>
    <None Include="Data\models\drzwi_okna\rama_okien_wewnatrz_schody.txt">
      <Filter>Resource Files\models\drzwi_okna</Filter>
    </None>
    <None Include="Data\models\drzwi_okna\rama1.txt">
      <Filter>Resource Files\models\drzwi_okna</Filter>
    </None>
    <None Include="Data\models\drzwi_okna\ramy_gora_dol.txt">
      <Filter>Resource Files\models\drzwi_okna</Filter>
    </None>
    <None Include="Data\models\drzwi_okna\szare_filtry.txt">
      <Filter>Resource Files\models\drzwi_okna</Filter>
    </None>
    <None Include="Data\models\drzwi_okna\szyba_waska.txt">
      <Filter>Resource Files\models\drzwi_okna</Filter>
    </None>
    <None Include="Data\models\drzwi_okna\szyba1.txt">
      <Filter>Resource Files\models\drzwi_okna</Filter>
    </None>
    <None Include="Data\models\drzwi_okna\winda_drzwi.txt">
      <Filter>Resource Files\models\drzwi_okna</Filter>
    </None>
    <None Include="Data\models\drzwi_okna\drzwi_przesuwane.txt">
      <Filter>Resource Files\models\drzwi_okna</Filter>
    </None>
    <None Include="Data\models\drzwi_okna\drzwi_wewnetrzne_szare.txt">
      <Filter>Resource Files\models\drzwi_okna</Filter>
    </None>
    <None Include="Data\models\drzwi_okna\nad_drzwiami.txt">
      <Filter>Resource Files\models\drzwi_okna</Filter>
    </None>
    <None Include="Data\models\sprzet\wiszaca_czujka_drzwi.txt">
      <Filter>Resource Files\models\sprzet</Filter>
    </None>
    <None Include="Data\models\sprzet\kosz1.txt">
      <Filter>Resource Files\models\sprzet</Filter>
    </None>
    <None Include="Data\models\sprzet\lawka1.txt">
      <Filter>Resource Files\models\sprzet</Filter>
    </None>
    <None Include="Data\models\sprzet\przeciw_pozarowy.txt">
      <Filter>Resource Files\models\sprzet</Filter>
    </None>
    <None Include="Data\models\sprzet\skrzynki.txt">
      <Filter>Resource Files\models\sprzet</Filter>
    </None>
    <None Include="Data\models\sprzet\stojak_rowerowy.txt">
      <Filter>Resource Files\models\sprzet</Filter>
    </None>
    <None Include="Data\models\tablice_informacyjne\tablica_parterL.txt">
      <Filter>Resource Files\models\tablice_informacyjne</Filter>
    </None>
    <None Include="Data\models\tablice_informacyjne\tablica_parterP.txt">
      <Filter>Resource Files\models\tablice_informacyjne</Filter>
    </None>
    <None Include="Data\models\architektura\budynek_trzeci.txt">
      <Filter>Resource Files\models\architektura</Filter>
    </None>
    <None Include="Data\models\drzwi_okna\plaz_dod_pod_okn_glown.txt">
      <Filter>Resource Files\models\drzwi_okna</Filter>
    </None>
    <None Include="Data\sector_tresc_zewnatrz.txt">
      <Filter>Resource Files</Filter>
    </None>
    <None Include="Data\models\baza\chodnik.txt">
      <Filter>Resource Files\models\baza</Filter>
    </None>
    <None Include="Data\models\architektura\sufit_schody_boczne.txt">
      <Filter>Resource Files\models\architektura</Filter>
    </None>
    <None Include="Data\models\architektura\sciany_schody_boczne_polpoziomy.txt">
      <Filter>Resource Files\models\architektura</Filter>
    </None>
    <None Include="Data\models\drzwi_okna\okna_boczne_zewnatrz.txt">
      <Filter>Resource Files\models\drzwi_okna</Filter>
    </None>
    <None Include="Data\models\drzwi_okna\betonowe_przerywniki_okien.txt">
      <Filter>Resource Files\models\drzwi_okna</Filter>
    </None>
    <None Include="Data\models\baza\przed_eti.txt">
      <Filter>Resource Files\models\baza</Filter>
    </None>
    <None Include="Data\models\sprzet\latania.txt">
      <Filter>Resource Files\models\sprzet</Filter>
    </None>
    <None Include="Data\actions\light_latarnia1.txt">
      <Filter>Resource Files\actions</Filter>
    </None>
    <None Include="Data\models\architektura\korytarz_laby.txt">
      <Filter>Resource Files\models\architektura</Filter>
    </None>
    <None Include="Data\models\architektura\korytarz_sale.txt">
      <Filter>Resource Files\models\architektura</Filter>
    </None>
    <None Include="Data\models\drzwi_okna\drzwi_sala_cwiczen.txt">
      <Filter>Resource Files\models\drzwi_okna</Filter>
    </None>
    <None Include="Data\actions\action_przesuwania_windaL1A.txt">
      <Filter>Resource Files\actions</Filter>
    </None>
    <None Include="Data\actions\action_przesuwania_windaL1B.txt">
      <Filter>Resource Files\actions</Filter>
    </None>
    <None Include="Data\actions\action_przesuwania_windaL2A.txt">
      <Filter>Resource Files\actions</Filter>
    </None>
    <None Include="Data\actions\action_przesuwania_windaL2B.txt">
      <Filter>Resource Files\actions</Filter>
    </None>
    <None Include="Data\actions\action_przesuwania_windaL3B.txt">
      <Filter>Resource Files\actions</Filter>
    </None>
    <None Include="Data\actions\action_przesuwania_windaL3A.txt">
      <Filter>Resource Files\actions</Filter>
    </None>
    <None Include="Data\models\architektura\dach_srodek.txt">
      <Filter>Resource Files\models\architektura</Filter>
    </None>
    <None Include="Data\models\architektura\sala_cwiczen1.txt">
      <Filter>Resource Files\models\architektura</Filter>
    </None>
    <None Include="Data\models\architektura\budynek_biblioteka.txt">
      <Filter>Resource Files\models\architektura</Filter>
    </None>
    <None Include="Data\models\drzwi_okna\drzwi_toalety1.txt">
      <Filter>Resource Files\models\drzwi_okna</Filter>
    </None>
    <None Include="Data\models\sprzet\biurko_biblioteka.txt">
      <Filter>Resource Files\models\sprzet</Filter>
    </None>
    <None Include="Data\models\sprzet\drewniany_przedzial_biblioteka.txt">
      <Filter>Resource Files\models\sprzet</Filter>
    </None>
    <None Include="Data\models\sprzet\regal_biblioteka.txt">
      <Filter>Resource Files\models\sprzet</Filter>
    </None>
  </ItemGroup>
  <ItemGroup>
    <ClCompile Include="win_system.cpp">
      <Filter>Source Files</Filter>
    </ClCompile>
    <ClCompile Include="modelling.cpp">
      <Filter>Source Files</Filter>
    </ClCompile>
    <ClCompile Include="actions.cpp">
      <Filter>Source Files</Filter>
    </ClCompile>
    <ClCompile Include="opengl_system.cpp">
      <Filter>Source Files</Filter>
    </ClCompile>
    <ClCompile Include="sound.cpp">
      <Filter>Source Files</Filter>
    </ClCompile>
  </ItemGroup>
  <ItemGroup>
    <ClInclude Include="structure.h">
      <Filter>Header Files</Filter>
    </ClInclude>
    <ClInclude Include="win_system.h">
      <Filter>Header Files</Filter>
    </ClInclude>
    <ClInclude Include="modelling.h">
      <Filter>Header Files</Filter>
    </ClInclude>
    <ClInclude Include="actions.h">
      <Filter>Header Files</Filter>
    </ClInclude>
    <ClInclude Include="opengl_system.h">
      <Filter>Header Files</Filter>
    </ClInclude>
    <ClInclude Include="sound.h">
      <Filter>Header Files</Filter>
    </ClInclude>
  </ItemGroup>
</Project>